Microsoft Visual Studio Solution File, Format Version 12.00
# Visual Studio Version 17
VisualStudioVersion = 17.5.2.0
MinimumVisualStudioVersion = 10.0.40219.1
Project("{FAE04EC0-301F-11D3-BF4B-00C04F79EFBC}") = "PortfolioTrackerApi", "PortfolioTrackerApi\PortfolioTrackerApi.csproj", "{630B1D2D-2BBB-630E-BF79-2456FF1C3513}"
EndProject
Global
	GlobalSection(SolutionConfigurationPlatforms) = preSolution
		Debug|Any CPU = Debug|Any CPU
		Release|Any CPU = Release|Any CPU
	EndGlobalSection
	GlobalSection(ProjectConfigurationPlatforms) = postSolution
		{630B1D2D-2BBB-630E-BF79-2456FF1C3513}.Debug|Any CPU.ActiveCfg = Debug|Any CPU
		{630B1D2D-2BBB-630E-BF79-2456FF1C3513}.Debug|Any CPU.Build.0 = Debug|Any CPU
		{630B1D2D-2BBB-630E-BF79-2456FF1C3513}.Release|Any CPU.ActiveCfg = Release|Any CPU
		{630B1D2D-2BBB-630E-BF79-2456FF1C3513}.Release|Any CPU.Build.0 = Release|Any CPU
	EndGlobalSection
	GlobalSection(SolutionProperties) = preSolution
		HideSolutionNode = FALSE
	EndGlobalSection
	GlobalSection(ExtensibilityGlobals) = postSolution
		SolutionGuid = {87CA9E43-FEF7-467D-8EB4-5E2A320832CD}
	EndGlobalSection
EndGlobal
